// !$*UTF8*$!
{
	archiveVersion = 1;
	classes = {
	};
	objectVersion = 50;
	objects = {

/* Begin PBXBuildFile section */
		ED031016223EA8E20043EECF /* WindowController.xib in Resources */ = {isa = PBXBuildFile; fileRef = ED031014223EA8E10043EECF /* WindowController.xib */; };
		ED031017223EA8E20043EECF /* WindowController.swift in Sources */ = {isa = PBXBuildFile; fileRef = ED031015223EA8E20043EECF /* WindowController.swift */; };
		ED5AFFA421933D9300ED1E52 /* AppDelegate.swift in Sources */ = {isa = PBXBuildFile; fileRef = ED5AFFA321933D9300ED1E52 /* AppDelegate.swift */; };
		ED5AFFA621933D9300ED1E52 /* ViewController.swift in Sources */ = {isa = PBXBuildFile; fileRef = ED5AFFA521933D9300ED1E52 /* ViewController.swift */; };
		ED5AFFA821933D9400ED1E52 /* Assets.xcassets in Resources */ = {isa = PBXBuildFile; fileRef = ED5AFFA721933D9400ED1E52 /* Assets.xcassets */; };
		ED5AFFAB21933D9400ED1E52 /* Main.storyboard in Resources */ = {isa = PBXBuildFile; fileRef = ED5AFFA921933D9400ED1E52 /* Main.storyboard */; };
		ED5AFFB721933D9400ED1E52 /* sketchandstitchTests.swift in Sources */ = {isa = PBXBuildFile; fileRef = ED5AFFB621933D9400ED1E52 /* sketchandstitchTests.swift */; };
		ED5AFFC221933D9400ED1E52 /* sketchandstitchUITests.swift in Sources */ = {isa = PBXBuildFile; fileRef = ED5AFFC121933D9400ED1E52 /* sketchandstitchUITests.swift */; };
		ED5AFFD121933DA400ED1E52 /* Accelerate.framework in Frameworks */ = {isa = PBXBuildFile; fileRef = ED5AFFD021933DA400ED1E52 /* Accelerate.framework */; };
		ED5AFFD521933DDF00ED1E52 /* OpenCL.framework in Frameworks */ = {isa = PBXBuildFile; fileRef = ED5AFFD421933DDF00ED1E52 /* OpenCL.framework */; };
		ED5AFFDA21933E7F00ED1E52 /* OpenCV.mm in Sources */ = {isa = PBXBuildFile; fileRef = ED5AFFD821933E7F00ED1E52 /* OpenCV.mm */; };
		ED5AFFF52193426B00ED1E52 /* OpenCV.mm in Sources */ = {isa = PBXBuildFile; fileRef = ED5AFFD821933E7F00ED1E52 /* OpenCV.mm */; };
		ED5AFFF62193426C00ED1E52 /* OpenCV.mm in Sources */ = {isa = PBXBuildFile; fileRef = ED5AFFD821933E7F00ED1E52 /* OpenCV.mm */; };
		ED5AFFF821935EF800ED1E52 /* opencv2.framework in Frameworks */ = {isa = PBXBuildFile; fileRef = ED5AFFF721935EF800ED1E52 /* opencv2.framework */; };
		ED5AFFFE2193763700ED1E52 /* AutomaticViewController.swift in Sources */ = {isa = PBXBuildFile; fileRef = ED5AFFFD2193763700ED1E52 /* AutomaticViewController.swift */; };
		ED80C5482219B37D00E10F2F /* OverlayViewController.swift in Sources */ = {isa = PBXBuildFile; fileRef = ED80C5472219B37D00E10F2F /* OverlayViewController.swift */; };
		EDF75AE821F36D9800A7BFAB /* TableColorCell.swift in Sources */ = {isa = PBXBuildFile; fileRef = EDF75AE721F36D9800A7BFAB /* TableColorCell.swift */; };
		EDFBA45821D03E9000ABF7CF /* CustomSliderCell.swift in Sources */ = {isa = PBXBuildFile; fileRef = EDFBA45721D03E9000ABF7CF /* CustomSliderCell.swift */; };
/* End PBXBuildFile section */

/* Begin PBXContainerItemProxy section */
		ED5AFFB321933D9400ED1E52 /* PBXContainerItemProxy */ = {
			isa = PBXContainerItemProxy;
			containerPortal = ED5AFF9821933D9300ED1E52 /* Project object */;
			proxyType = 1;
			remoteGlobalIDString = ED5AFF9F21933D9300ED1E52;
			remoteInfo = sketchandstitch;
		};
		ED5AFFBE21933D9400ED1E52 /* PBXContainerItemProxy */ = {
			isa = PBXContainerItemProxy;
			containerPortal = ED5AFF9821933D9300ED1E52 /* Project object */;
			proxyType = 1;
			remoteGlobalIDString = ED5AFF9F21933D9300ED1E52;
			remoteInfo = sketchandstitch;
		};
/* End PBXContainerItemProxy section */

/* Begin PBXFileReference section */
		ED031014223EA8E10043EECF /* WindowController.xib */ = {isa = PBXFileReference; fileEncoding = 4; lastKnownFileType = file.xib; path = WindowController.xib; sourceTree = "<group>"; };
		ED031015223EA8E20043EECF /* WindowController.swift */ = {isa = PBXFileReference; fileEncoding = 4; lastKnownFileType = sourcecode.swift; path = WindowController.swift; sourceTree = "<group>"; };
		ED5AFFA021933D9300ED1E52 /* sketchandstitch.app */ = {isa = PBXFileReference; explicitFileType = wrapper.application; includeInIndex = 0; path = sketchandstitch.app; sourceTree = BUILT_PRODUCTS_DIR; };
		ED5AFFA321933D9300ED1E52 /* AppDelegate.swift */ = {isa = PBXFileReference; lastKnownFileType = sourcecode.swift; path = AppDelegate.swift; sourceTree = "<group>"; };
		ED5AFFA521933D9300ED1E52 /* ViewController.swift */ = {isa = PBXFileReference; lastKnownFileType = sourcecode.swift; path = ViewController.swift; sourceTree = "<group>"; };
		ED5AFFA721933D9400ED1E52 /* Assets.xcassets */ = {isa = PBXFileReference; lastKnownFileType = folder.assetcatalog; path = Assets.xcassets; sourceTree = "<group>"; };
		ED5AFFAA21933D9400ED1E52 /* Base */ = {isa = PBXFileReference; lastKnownFileType = file.storyboard; name = Base; path = Base.lproj/Main.storyboard; sourceTree = "<group>"; };
		ED5AFFAC21933D9400ED1E52 /* Info.plist */ = {isa = PBXFileReference; lastKnownFileType = text.plist.xml; path = Info.plist; sourceTree = "<group>"; };
		ED5AFFAD21933D9400ED1E52 /* sketchandstitch.entitlements */ = {isa = PBXFileReference; lastKnownFileType = text.plist.entitlements; path = sketchandstitch.entitlements; sourceTree = "<group>"; };
		ED5AFFB221933D9400ED1E52 /* sketchandstitchTests.xctest */ = {isa = PBXFileReference; explicitFileType = wrapper.cfbundle; includeInIndex = 0; path = sketchandstitchTests.xctest; sourceTree = BUILT_PRODUCTS_DIR; };
		ED5AFFB621933D9400ED1E52 /* sketchandstitchTests.swift */ = {isa = PBXFileReference; lastKnownFileType = sourcecode.swift; path = sketchandstitchTests.swift; sourceTree = "<group>"; };
		ED5AFFB821933D9400ED1E52 /* Info.plist */ = {isa = PBXFileReference; lastKnownFileType = text.plist.xml; path = Info.plist; sourceTree = "<group>"; };
		ED5AFFBD21933D9400ED1E52 /* sketchandstitchUITests.xctest */ = {isa = PBXFileReference; explicitFileType = wrapper.cfbundle; includeInIndex = 0; path = sketchandstitchUITests.xctest; sourceTree = BUILT_PRODUCTS_DIR; };
		ED5AFFC121933D9400ED1E52 /* sketchandstitchUITests.swift */ = {isa = PBXFileReference; lastKnownFileType = sourcecode.swift; path = sketchandstitchUITests.swift; sourceTree = "<group>"; };
		ED5AFFC321933D9400ED1E52 /* Info.plist */ = {isa = PBXFileReference; lastKnownFileType = text.plist.xml; path = Info.plist; sourceTree = "<group>"; };
		ED5AFFD021933DA400ED1E52 /* Accelerate.framework */ = {isa = PBXFileReference; lastKnownFileType = wrapper.framework; name = Accelerate.framework; path = System/Library/Frameworks/Accelerate.framework; sourceTree = SDKROOT; };
		ED5AFFD421933DDF00ED1E52 /* OpenCL.framework */ = {isa = PBXFileReference; lastKnownFileType = wrapper.framework; name = OpenCL.framework; path = System/Library/Frameworks/OpenCL.framework; sourceTree = SDKROOT; };
		ED5AFFD621933E7E00ED1E52 /* sketchandstitch-Bridging-Header.h */ = {isa = PBXFileReference; lastKnownFileType = sourcecode.c.h; path = "sketchandstitch-Bridging-Header.h"; sourceTree = "<group>"; };
		ED5AFFD721933E7F00ED1E52 /* OpenCV.h */ = {isa = PBXFileReference; fileEncoding = 4; lastKnownFileType = sourcecode.c.h; path = OpenCV.h; sourceTree = "<group>"; };
		ED5AFFD821933E7F00ED1E52 /* OpenCV.mm */ = {isa = PBXFileReference; fileEncoding = 4; lastKnownFileType = sourcecode.cpp.objcpp; path = OpenCV.mm; sourceTree = "<group>"; };
		ED5AFFF721935EF800ED1E52 /* opencv2.framework */ = {isa = PBXFileReference; lastKnownFileType = wrapper.framework; path = opencv2.framework; sourceTree = "<group>"; };
		ED5AFFFD2193763700ED1E52 /* AutomaticViewController.swift */ = {isa = PBXFileReference; lastKnownFileType = sourcecode.swift; path = AutomaticViewController.swift; sourceTree = "<group>"; };
		ED80C5472219B37D00E10F2F /* OverlayViewController.swift */ = {isa = PBXFileReference; lastKnownFileType = sourcecode.swift; path = OverlayViewController.swift; sourceTree = "<group>"; };
		EDF75AE721F36D9800A7BFAB /* TableColorCell.swift */ = {isa = PBXFileReference; lastKnownFileType = sourcecode.swift; path = TableColorCell.swift; sourceTree = "<group>"; };
		EDFBA45721D03E9000ABF7CF /* CustomSliderCell.swift */ = {isa = PBXFileReference; lastKnownFileType = sourcecode.swift; path = CustomSliderCell.swift; sourceTree = "<group>"; };
/* End PBXFileReference section */

/* Begin PBXFrameworksBuildPhase section */
		ED5AFF9D21933D9300ED1E52 /* Frameworks */ = {
			isa = PBXFrameworksBuildPhase;
			buildActionMask = 2147483647;
			files = (
				ED5AFFF821935EF800ED1E52 /* opencv2.framework in Frameworks */,
				ED5AFFD121933DA400ED1E52 /* Accelerate.framework in Frameworks */,
				ED5AFFD521933DDF00ED1E52 /* OpenCL.framework in Frameworks */,
			);
			runOnlyForDeploymentPostprocessing = 0;
		};
		ED5AFFAF21933D9400ED1E52 /* Frameworks */ = {
			isa = PBXFrameworksBuildPhase;
			buildActionMask = 2147483647;
			files = (
			);
			runOnlyForDeploymentPostprocessing = 0;
		};
		ED5AFFBA21933D9400ED1E52 /* Frameworks */ = {
			isa = PBXFrameworksBuildPhase;
			buildActionMask = 2147483647;
			files = (
			);
			runOnlyForDeploymentPostprocessing = 0;
		};
/* End PBXFrameworksBuildPhase section */

/* Begin PBXGroup section */
		ED5AFF9721933D9300ED1E52 = {
			isa = PBXGroup;
			children = (
				ED5AFFA221933D9300ED1E52 /* sketchandstitch */,
				ED5AFFB521933D9400ED1E52 /* sketchandstitchTests */,
				ED5AFFC021933D9400ED1E52 /* sketchandstitchUITests */,
				ED5AFFA121933D9300ED1E52 /* Products */,
				ED5AFFCF21933DA300ED1E52 /* Frameworks */,
			);
			sourceTree = "<group>";
		};
		ED5AFFA121933D9300ED1E52 /* Products */ = {
			isa = PBXGroup;
			children = (
				ED5AFFA021933D9300ED1E52 /* sketchandstitch.app */,
				ED5AFFB221933D9400ED1E52 /* sketchandstitchTests.xctest */,
				ED5AFFBD21933D9400ED1E52 /* sketchandstitchUITests.xctest */,
			);
			name = Products;
			sourceTree = "<group>";
		};
		ED5AFFA221933D9300ED1E52 /* sketchandstitch */ = {
			isa = PBXGroup;
			children = (
				ED5AFFA921933D9400ED1E52 /* Main.storyboard */,
				ED5AFFA321933D9300ED1E52 /* AppDelegate.swift */,
				ED5AFFA521933D9300ED1E52 /* ViewController.swift */,
				ED5AFFFD2193763700ED1E52 /* AutomaticViewController.swift */,
				ED80C5472219B37D00E10F2F /* OverlayViewController.swift */,
				EDF75AE721F36D9800A7BFAB /* TableColorCell.swift */,
				EDFBA45721D03E9000ABF7CF /* CustomSliderCell.swift */,
				ED031015223EA8E20043EECF /* WindowController.swift */,
				ED031014223EA8E10043EECF /* WindowController.xib */,
				ED5AFFD621933E7E00ED1E52 /* sketchandstitch-Bridging-Header.h */,
				ED5AFFD721933E7F00ED1E52 /* OpenCV.h */,
				ED5AFFD821933E7F00ED1E52 /* OpenCV.mm */,
				ED5AFFAC21933D9400ED1E52 /* Info.plist */,
				ED5AFFAD21933D9400ED1E52 /* sketchandstitch.entitlements */,
				ED5AFFA721933D9400ED1E52 /* Assets.xcassets */,
			);
			path = sketchandstitch;
			sourceTree = "<group>";
		};
		ED5AFFB521933D9400ED1E52 /* sketchandstitchTests */ = {
			isa = PBXGroup;
			children = (
				ED5AFFB621933D9400ED1E52 /* sketchandstitchTests.swift */,
				ED5AFFB821933D9400ED1E52 /* Info.plist */,
			);
			path = sketchandstitchTests;
			sourceTree = "<group>";
		};
		ED5AFFC021933D9400ED1E52 /* sketchandstitchUITests */ = {
			isa = PBXGroup;
			children = (
				ED5AFFC121933D9400ED1E52 /* sketchandstitchUITests.swift */,
				ED5AFFC321933D9400ED1E52 /* Info.plist */,
			);
			path = sketchandstitchUITests;
			sourceTree = "<group>";
		};
		ED5AFFCF21933DA300ED1E52 /* Frameworks */ = {
			isa = PBXGroup;
			children = (
				ED5AFFF721935EF800ED1E52 /* opencv2.framework */,
				ED5AFFD421933DDF00ED1E52 /* OpenCL.framework */,
				ED5AFFD021933DA400ED1E52 /* Accelerate.framework */,
			);
			name = Frameworks;
			sourceTree = "<group>";
		};
/* End PBXGroup section */

/* Begin PBXNativeTarget section */
		ED5AFF9F21933D9300ED1E52 /* sketchandstitch */ = {
			isa = PBXNativeTarget;
			buildConfigurationList = ED5AFFC621933D9400ED1E52 /* Build configuration list for PBXNativeTarget "sketchandstitch" */;
			buildPhases = (
				ED5AFF9C21933D9300ED1E52 /* Sources */,
				ED5AFF9D21933D9300ED1E52 /* Frameworks */,
				ED5AFF9E21933D9300ED1E52 /* Resources */,
			);
			buildRules = (
			);
			dependencies = (
			);
			name = sketchandstitch;
			productName = sketchandstitch;
			productReference = ED5AFFA021933D9300ED1E52 /* sketchandstitch.app */;
			productType = "com.apple.product-type.application";
		};
		ED5AFFB121933D9400ED1E52 /* sketchandstitchTests */ = {
			isa = PBXNativeTarget;
			buildConfigurationList = ED5AFFC921933D9400ED1E52 /* Build configuration list for PBXNativeTarget "sketchandstitchTests" */;
			buildPhases = (
				40ACC0DFCE0E32EA539B30CD /* [CP] Check Pods Manifest.lock */,
				ED5AFFAE21933D9400ED1E52 /* Sources */,
				ED5AFFAF21933D9400ED1E52 /* Frameworks */,
				ED5AFFB021933D9400ED1E52 /* Resources */,
				60273A1CB77F760DE13A610A /* [CP] Embed Pods Frameworks */,
			);
			buildRules = (
			);
			dependencies = (
				ED5AFFB421933D9400ED1E52 /* PBXTargetDependency */,
			);
			name = sketchandstitchTests;
			productName = sketchandstitchTests;
			productReference = ED5AFFB221933D9400ED1E52 /* sketchandstitchTests.xctest */;
			productType = "com.apple.product-type.bundle.unit-test";
		};
		ED5AFFBC21933D9400ED1E52 /* sketchandstitchUITests */ = {
			isa = PBXNativeTarget;
			buildConfigurationList = ED5AFFCC21933D9400ED1E52 /* Build configuration list for PBXNativeTarget "sketchandstitchUITests" */;
			buildPhases = (
				3E21C35E3C93319052E1D1ED /* [CP] Check Pods Manifest.lock */,
				ED5AFFB921933D9400ED1E52 /* Sources */,
				ED5AFFBA21933D9400ED1E52 /* Frameworks */,
				ED5AFFBB21933D9400ED1E52 /* Resources */,
			);
			buildRules = (
			);
			dependencies = (
				ED5AFFBF21933D9400ED1E52 /* PBXTargetDependency */,
			);
			name = sketchandstitchUITests;
			productName = sketchandstitchUITests;
			productReference = ED5AFFBD21933D9400ED1E52 /* sketchandstitchUITests.xctest */;
			productType = "com.apple.product-type.bundle.ui-testing";
		};
/* End PBXNativeTarget section */

/* Begin PBXProject section */
		ED5AFF9821933D9300ED1E52 /* Project object */ = {
			isa = PBXProject;
			attributes = {
				LastSwiftUpdateCheck = 1000;
				LastUpgradeCheck = 1000;
				ORGANIZATIONNAME = "Kirill Timchenko";
				TargetAttributes = {
					ED5AFF9F21933D9300ED1E52 = {
						CreatedOnToolsVersion = 10.0;
						LastSwiftMigration = 1000;
						SystemCapabilities = {
							com.apple.ApplicationGroups.Mac = {
								enabled = 0;
							};
							com.apple.HardenedRuntime = {
								enabled = 0;
							};
							com.apple.Sandbox = {
								enabled = 0;
							};
						};
					};
					ED5AFFB121933D9400ED1E52 = {
						CreatedOnToolsVersion = 10.0;
						TestTargetID = ED5AFF9F21933D9300ED1E52;
					};
					ED5AFFBC21933D9400ED1E52 = {
						CreatedOnToolsVersion = 10.0;
						TestTargetID = ED5AFF9F21933D9300ED1E52;
					};
				};
			};
			buildConfigurationList = ED5AFF9B21933D9300ED1E52 /* Build configuration list for PBXProject "sketchandstitch" */;
			compatibilityVersion = "Xcode 9.3";
			developmentRegion = en;
			hasScannedForEncodings = 0;
			knownRegions = (
				en,
				Base,
			);
			mainGroup = ED5AFF9721933D9300ED1E52;
			productRefGroup = ED5AFFA121933D9300ED1E52 /* Products */;
			projectDirPath = "";
			projectRoot = "";
			targets = (
				ED5AFF9F21933D9300ED1E52 /* sketchandstitch */,
				ED5AFFB121933D9400ED1E52 /* sketchandstitchTests */,
				ED5AFFBC21933D9400ED1E52 /* sketchandstitchUITests */,
			);
		};
/* End PBXProject section */

/* Begin PBXResourcesBuildPhase section */
		ED5AFF9E21933D9300ED1E52 /* Resources */ = {
			isa = PBXResourcesBuildPhase;
			buildActionMask = 2147483647;
			files = (
				ED5AFFA821933D9400ED1E52 /* Assets.xcassets in Resources */,
				ED031016223EA8E20043EECF /* WindowController.xib in Resources */,
				ED5AFFAB21933D9400ED1E52 /* Main.storyboard in Resources */,
			);
			runOnlyForDeploymentPostprocessing = 0;
		};
		ED5AFFB021933D9400ED1E52 /* Resources */ = {
			isa = PBXResourcesBuildPhase;
			buildActionMask = 2147483647;
			files = (
			);
			runOnlyForDeploymentPostprocessing = 0;
		};
		ED5AFFBB21933D9400ED1E52 /* Resources */ = {
			isa = PBXResourcesBuildPhase;
			buildActionMask = 2147483647;
			files = (
			);
			runOnlyForDeploymentPostprocessing = 0;
		};
/* End PBXResourcesBuildPhase section */

/* Begin PBXShellScriptBuildPhase section */
		3E21C35E3C93319052E1D1ED /* [CP] Check Pods Manifest.lock */ = {
			isa = PBXShellScriptBuildPhase;
			buildActionMask = 2147483647;
			files = (
			);
			inputFileListPaths = (
			);
			inputPaths = (
				"${PODS_PODFILE_DIR_PATH}/Podfile.lock",
				"${PODS_ROOT}/Manifest.lock",
			);
			name = "[CP] Check Pods Manifest.lock";
			outputFileListPaths = (
			);
			outputPaths = (
				"$(DERIVED_FILE_DIR)/Pods-sketchandstitchUITests-checkManifestLockResult.txt",
			);
			runOnlyForDeploymentPostprocessing = 0;
			shellPath = /bin/sh;
			shellScript = "diff \"${PODS_PODFILE_DIR_PATH}/Podfile.lock\" \"${PODS_ROOT}/Manifest.lock\" > /dev/null\nif [ $? != 0 ] ; then\n    # print error to STDERR\n    echo \"error: The sandbox is not in sync with the Podfile.lock. Run 'pod install' or update your CocoaPods installation.\" >&2\n    exit 1\nfi\n# This output is used by Xcode 'outputs' to avoid re-running this script phase.\necho \"SUCCESS\" > \"${SCRIPT_OUTPUT_FILE_0}\"\n";
			showEnvVarsInLog = 0;
		};
		40ACC0DFCE0E32EA539B30CD /* [CP] Check Pods Manifest.lock */ = {
			isa = PBXShellScriptBuildPhase;
			buildActionMask = 2147483647;
			files = (
			);
			inputFileListPaths = (
			);
			inputPaths = (
				"${PODS_PODFILE_DIR_PATH}/Podfile.lock",
				"${PODS_ROOT}/Manifest.lock",
			);
			name = "[CP] Check Pods Manifest.lock";
			outputFileListPaths = (
			);
			outputPaths = (
				"$(DERIVED_FILE_DIR)/Pods-sketchandstitchTests-checkManifestLockResult.txt",
			);
			runOnlyForDeploymentPostprocessing = 0;
			shellPath = /bin/sh;
			shellScript = "diff \"${PODS_PODFILE_DIR_PATH}/Podfile.lock\" \"${PODS_ROOT}/Manifest.lock\" > /dev/null\nif [ $? != 0 ] ; then\n    # print error to STDERR\n    echo \"error: The sandbox is not in sync with the Podfile.lock. Run 'pod install' or update your CocoaPods installation.\" >&2\n    exit 1\nfi\n# This output is used by Xcode 'outputs' to avoid re-running this script phase.\necho \"SUCCESS\" > \"${SCRIPT_OUTPUT_FILE_0}\"\n";
			showEnvVarsInLog = 0;
		};
		60273A1CB77F760DE13A610A /* [CP] Embed Pods Frameworks */ = {
			isa = PBXShellScriptBuildPhase;
			buildActionMask = 2147483647;
			files = (
			);
			inputFileListPaths = (
			);
			inputPaths = (
				"${SRCROOT}/Pods/Target Support Files/Pods-sketchandstitchTests/Pods-sketchandstitchTests-frameworks.sh",
				"${BUILT_PRODUCTS_DIR}/Macaw/Macaw.framework",
				"${BUILT_PRODUCTS_DIR}/SWXMLHash/SWXMLHash.framework",
			);
			name = "[CP] Embed Pods Frameworks";
			outputFileListPaths = (
			);
			outputPaths = (
				"${TARGET_BUILD_DIR}/${FRAMEWORKS_FOLDER_PATH}/Macaw.framework",
				"${TARGET_BUILD_DIR}/${FRAMEWORKS_FOLDER_PATH}/SWXMLHash.framework",
			);
			runOnlyForDeploymentPostprocessing = 0;
			shellPath = /bin/sh;
			shellScript = "\"${SRCROOT}/Pods/Target Support Files/Pods-sketchandstitchTests/Pods-sketchandstitchTests-frameworks.sh\"\n";
			showEnvVarsInLog = 0;
		};
/* End PBXShellScriptBuildPhase section */

/* Begin PBXSourcesBuildPhase section */
		ED5AFF9C21933D9300ED1E52 /* Sources */ = {
			isa = PBXSourcesBuildPhase;
			buildActionMask = 2147483647;
			files = (
				ED5AFFA621933D9300ED1E52 /* ViewController.swift in Sources */,
				EDFBA45821D03E9000ABF7CF /* CustomSliderCell.swift in Sources */,
				ED5AFFA421933D9300ED1E52 /* AppDelegate.swift in Sources */,
				EDF75AE821F36D9800A7BFAB /* TableColorCell.swift in Sources */,
				ED5AFFFE2193763700ED1E52 /* AutomaticViewController.swift in Sources */,
				ED031017223EA8E20043EECF /* WindowController.swift in Sources */,
				ED5AFFDA21933E7F00ED1E52 /* OpenCV.mm in Sources */,
				ED80C5482219B37D00E10F2F /* OverlayViewController.swift in Sources */,
			);
			runOnlyForDeploymentPostprocessing = 0;
		};
		ED5AFFAE21933D9400ED1E52 /* Sources */ = {
			isa = PBXSourcesBuildPhase;
			buildActionMask = 2147483647;
			files = (
				ED5AFFF52193426B00ED1E52 /* OpenCV.mm in Sources */,
				ED5AFFB721933D9400ED1E52 /* sketchandstitchTests.swift in Sources */,
			);
			runOnlyForDeploymentPostprocessing = 0;
		};
		ED5AFFB921933D9400ED1E52 /* Sources */ = {
			isa = PBXSourcesBuildPhase;
			buildActionMask = 2147483647;
			files = (
				ED5AFFF62193426C00ED1E52 /* OpenCV.mm in Sources */,
				ED5AFFC221933D9400ED1E52 /* sketchandstitchUITests.swift in Sources */,
			);
			runOnlyForDeploymentPostprocessing = 0;
		};
/* End PBXSourcesBuildPhase section */

/* Begin PBXTargetDependency section */
		ED5AFFB421933D9400ED1E52 /* PBXTargetDependency */ = {
			isa = PBXTargetDependency;
			target = ED5AFF9F21933D9300ED1E52 /* sketchandstitch */;
			targetProxy = ED5AFFB321933D9400ED1E52 /* PBXContainerItemProxy */;
		};
		ED5AFFBF21933D9400ED1E52 /* PBXTargetDependency */ = {
			isa = PBXTargetDependency;
			target = ED5AFF9F21933D9300ED1E52 /* sketchandstitch */;
			targetProxy = ED5AFFBE21933D9400ED1E52 /* PBXContainerItemProxy */;
		};
/* End PBXTargetDependency section */

/* Begin PBXVariantGroup section */
		ED5AFFA921933D9400ED1E52 /* Main.storyboard */ = {
			isa = PBXVariantGroup;
			children = (
				ED5AFFAA21933D9400ED1E52 /* Base */,
			);
			name = Main.storyboard;
			sourceTree = "<group>";
		};
/* End PBXVariantGroup section */

/* Begin XCBuildConfiguration section */
		ED5AFFC421933D9400ED1E52 /* Debug */ = {
			isa = XCBuildConfiguration;
			buildSettings = {
				ALWAYS_SEARCH_USER_PATHS = NO;
				CLANG_ANALYZER_NONNULL = YES;
				CLANG_ANALYZER_NUMBER_OBJECT_CONVERSION = YES_AGGRESSIVE;
				CLANG_CXX_LANGUAGE_STANDARD = "gnu++14";
				CLANG_CXX_LIBRARY = "libc++";
				CLANG_ENABLE_MODULES = YES;
				CLANG_ENABLE_OBJC_ARC = YES;
				CLANG_ENABLE_OBJC_WEAK = YES;
				CLANG_WARN_BLOCK_CAPTURE_AUTORELEASING = YES;
				CLANG_WARN_BOOL_CONVERSION = YES;
				CLANG_WARN_COMMA = YES;
				CLANG_WARN_CONSTANT_CONVERSION = YES;
				CLANG_WARN_DEPRECATED_OBJC_IMPLEMENTATIONS = YES;
				CLANG_WARN_DIRECT_OBJC_ISA_USAGE = YES_ERROR;
				CLANG_WARN_DOCUMENTATION_COMMENTS = NO;
				CLANG_WARN_EMPTY_BODY = YES;
				CLANG_WARN_ENUM_CONVERSION = YES;
				CLANG_WARN_INFINITE_RECURSION = YES;
				CLANG_WARN_INT_CONVERSION = YES;
				CLANG_WARN_NON_LITERAL_NULL_CONVERSION = YES;
				CLANG_WARN_OBJC_IMPLICIT_RETAIN_SELF = YES;
				CLANG_WARN_OBJC_LITERAL_CONVERSION = YES;
				CLANG_WARN_OBJC_ROOT_CLASS = YES_ERROR;
				CLANG_WARN_RANGE_LOOP_ANALYSIS = YES;
				CLANG_WARN_STRICT_PROTOTYPES = YES;
				CLANG_WARN_SUSPICIOUS_MOVE = YES;
				CLANG_WARN_UNGUARDED_AVAILABILITY = YES_AGGRESSIVE;
				CLANG_WARN_UNREACHABLE_CODE = YES;
				CLANG_WARN__DUPLICATE_METHOD_MATCH = YES;
				CODE_SIGN_IDENTITY = "Mac Developer";
				COPY_PHASE_STRIP = NO;
				DEBUG_INFORMATION_FORMAT = dwarf;
				ENABLE_STRICT_OBJC_MSGSEND = YES;
				ENABLE_TESTABILITY = YES;
				GCC_C_LANGUAGE_STANDARD = gnu11;
				GCC_DYNAMIC_NO_PIC = NO;
				GCC_NO_COMMON_BLOCKS = YES;
				GCC_OPTIMIZATION_LEVEL = 0;
				GCC_PREPROCESSOR_DEFINITIONS = (
					"DEBUG=1",
					"$(inherited)",
				);
				GCC_WARN_64_TO_32_BIT_CONVERSION = YES;
				GCC_WARN_ABOUT_RETURN_TYPE = YES_ERROR;
				GCC_WARN_UNDECLARED_SELECTOR = YES;
				GCC_WARN_UNINITIALIZED_AUTOS = YES_AGGRESSIVE;
				GCC_WARN_UNUSED_FUNCTION = YES;
				GCC_WARN_UNUSED_VARIABLE = YES;
				MACOSX_DEPLOYMENT_TARGET = 10.13;
				MTL_ENABLE_DEBUG_INFO = INCLUDE_SOURCE;
				MTL_FAST_MATH = YES;
				ONLY_ACTIVE_ARCH = YES;
				SDKROOT = macosx;
				SWIFT_ACTIVE_COMPILATION_CONDITIONS = DEBUG;
				SWIFT_OPTIMIZATION_LEVEL = "-Onone";
			};
			name = Debug;
		};
		ED5AFFC521933D9400ED1E52 /* Release */ = {
			isa = XCBuildConfiguration;
			buildSettings = {
				ALWAYS_SEARCH_USER_PATHS = NO;
				CLANG_ANALYZER_NONNULL = YES;
				CLANG_ANALYZER_NUMBER_OBJECT_CONVERSION = YES_AGGRESSIVE;
				CLANG_CXX_LANGUAGE_STANDARD = "gnu++14";
				CLANG_CXX_LIBRARY = "libc++";
				CLANG_ENABLE_MODULES = YES;
				CLANG_ENABLE_OBJC_ARC = YES;
				CLANG_ENABLE_OBJC_WEAK = YES;
				CLANG_WARN_BLOCK_CAPTURE_AUTORELEASING = YES;
				CLANG_WARN_BOOL_CONVERSION = YES;
				CLANG_WARN_COMMA = YES;
				CLANG_WARN_CONSTANT_CONVERSION = YES;
				CLANG_WARN_DEPRECATED_OBJC_IMPLEMENTATIONS = YES;
				CLANG_WARN_DIRECT_OBJC_ISA_USAGE = YES_ERROR;
				CLANG_WARN_DOCUMENTATION_COMMENTS = NO;
				CLANG_WARN_EMPTY_BODY = YES;
				CLANG_WARN_ENUM_CONVERSION = YES;
				CLANG_WARN_INFINITE_RECURSION = YES;
				CLANG_WARN_INT_CONVERSION = YES;
				CLANG_WARN_NON_LITERAL_NULL_CONVERSION = YES;
				CLANG_WARN_OBJC_IMPLICIT_RETAIN_SELF = YES;
				CLANG_WARN_OBJC_LITERAL_CONVERSION = YES;
				CLANG_WARN_OBJC_ROOT_CLASS = YES_ERROR;
				CLANG_WARN_RANGE_LOOP_ANALYSIS = YES;
				CLANG_WARN_STRICT_PROTOTYPES = YES;
				CLANG_WARN_SUSPICIOUS_MOVE = YES;
				CLANG_WARN_UNGUARDED_AVAILABILITY = YES_AGGRESSIVE;
				CLANG_WARN_UNREACHABLE_CODE = YES;
				CLANG_WARN__DUPLICATE_METHOD_MATCH = YES;
				CODE_SIGN_IDENTITY = "Mac Developer";
				COPY_PHASE_STRIP = NO;
				DEBUG_INFORMATION_FORMAT = "dwarf-with-dsym";
				ENABLE_NS_ASSERTIONS = NO;
				ENABLE_STRICT_OBJC_MSGSEND = YES;
				GCC_C_LANGUAGE_STANDARD = gnu11;
				GCC_NO_COMMON_BLOCKS = YES;
				GCC_WARN_64_TO_32_BIT_CONVERSION = YES;
				GCC_WARN_ABOUT_RETURN_TYPE = YES_ERROR;
				GCC_WARN_UNDECLARED_SELECTOR = YES;
				GCC_WARN_UNINITIALIZED_AUTOS = YES_AGGRESSIVE;
				GCC_WARN_UNUSED_FUNCTION = YES;
				GCC_WARN_UNUSED_VARIABLE = YES;
				MACOSX_DEPLOYMENT_TARGET = 10.13;
				MTL_ENABLE_DEBUG_INFO = NO;
				MTL_FAST_MATH = YES;
				SDKROOT = macosx;
				SWIFT_COMPILATION_MODE = wholemodule;
				SWIFT_OPTIMIZATION_LEVEL = "-O";
			};
			name = Release;
		};
		ED5AFFC721933D9400ED1E52 /* Debug */ = {
			isa = XCBuildConfiguration;
			buildSettings = {
				ASSETCATALOG_COMPILER_APPICON_NAME = AppIcon;
				CLANG_ENABLE_MODULES = YES;
				CLANG_WARN_DOCUMENTATION_COMMENTS = NO;
				CODE_SIGN_ENTITLEMENTS = sketchandstitch/sketchandstitch.entitlements;
				CODE_SIGN_STYLE = Automatic;
				COMBINE_HIDPI_IMAGES = YES;
				DEVELOPMENT_TEAM = Z53346Y4Z8;
				FRAMEWORK_SEARCH_PATHS = (
					"$(inherited)",
					"$(PROJECT_DIR)",
				);
				IBC_ERRORS = YES;
				IBSC_ERRORS = YES;
				INFOPLIST_FILE = sketchandstitch/Info.plist;
				LD_RUNPATH_SEARCH_PATHS = (
					"$(inherited)",
					"@executable_path/../Frameworks",
				);
				LIBRARY_SEARCH_PATHS = (
					"$(inherited)",
					"$(PROJECT_DIR)/opencv2.framework/Versions/A",
				);
				PRODUCT_BUNDLE_IDENTIFIER = com.timchenko.sketchandstitch;
				PRODUCT_NAME = "$(TARGET_NAME)";
				SWIFT_OBJC_BRIDGING_HEADER = "sketchandstitch/sketchandstitch-Bridging-Header.h";
				SWIFT_OPTIMIZATION_LEVEL = "-Onone";
				SWIFT_VERSION = 4.2;
			};
			name = Debug;
		};
		ED5AFFC821933D9400ED1E52 /* Release */ = {
			isa = XCBuildConfiguration;
			buildSettings = {
				ASSETCATALOG_COMPILER_APPICON_NAME = AppIcon;
				CLANG_ENABLE_MODULES = YES;
				CLANG_WARN_DOCUMENTATION_COMMENTS = NO;
				CODE_SIGN_ENTITLEMENTS = sketchandstitch/sketchandstitch.entitlements;
				CODE_SIGN_STYLE = Automatic;
				COMBINE_HIDPI_IMAGES = YES;
				DEVELOPMENT_TEAM = Z53346Y4Z8;
				FRAMEWORK_SEARCH_PATHS = (
					"$(inherited)",
					"$(PROJECT_DIR)",
				);
				IBC_ERRORS = YES;
				IBSC_ERRORS = YES;
				INFOPLIST_FILE = sketchandstitch/Info.plist;
				LD_RUNPATH_SEARCH_PATHS = (
					"$(inherited)",
					"@executable_path/../Frameworks",
				);
				LIBRARY_SEARCH_PATHS = (
					"$(inherited)",
					"$(PROJECT_DIR)/opencv2.framework/Versions/A",
				);
				PRODUCT_BUNDLE_IDENTIFIER = com.timchenko.sketchandstitch;
				PRODUCT_NAME = "$(TARGET_NAME)";
				SWIFT_OBJC_BRIDGING_HEADER = "sketchandstitch/sketchandstitch-Bridging-Header.h";
				SWIFT_VERSION = 4.2;
			};
			name = Release;
		};
		ED5AFFCA21933D9400ED1E52 /* Debug */ = {
			isa = XCBuildConfiguration;
			buildSettings = {
				ALWAYS_EMBED_SWIFT_STANDARD_LIBRARIES = YES;
				BUNDLE_LOADER = "$(TEST_HOST)";
				CODE_SIGN_STYLE = Automatic;
				COMBINE_HIDPI_IMAGES = YES;
				DEVELOPMENT_TEAM = 5Q7GN99S8F;
				INFOPLIST_FILE = sketchandstitchTests/Info.plist;
				LD_RUNPATH_SEARCH_PATHS = (
					"$(inherited)",
					"@executable_path/../Frameworks",
					"@loader_path/../Frameworks",
				);
				PRODUCT_BUNDLE_IDENTIFIER = com.timchenko.sketchandstitchTests;
				PRODUCT_NAME = "$(TARGET_NAME)";
				SWIFT_VERSION = 4.2;
				TEST_HOST = "$(BUILT_PRODUCTS_DIR)/sketchandstitch.app/Contents/MacOS/sketchandstitch";
			};
			name = Debug;
		};
		ED5AFFCB21933D9400ED1E52 /* Release */ = {
			isa = XCBuildConfiguration;
			buildSettings = {
				ALWAYS_EMBED_SWIFT_STANDARD_LIBRARIES = YES;
				BUNDLE_LOADER = "$(TEST_HOST)";
				CODE_SIGN_STYLE = Automatic;
				COMBINE_HIDPI_IMAGES = YES;
				DEVELOPMENT_TEAM = 5Q7GN99S8F;
				INFOPLIST_FILE = sketchandstitchTests/Info.plist;
				LD_RUNPATH_SEARCH_PATHS = (
					"$(inherited)",
					"@executable_path/../Frameworks",
					"@loader_path/../Frameworks",
				);
				PRODUCT_BUNDLE_IDENTIFIER = com.timchenko.sketchandstitchTests;
				PRODUCT_NAME = "$(TARGET_NAME)";
				SWIFT_VERSION = 4.2;
				TEST_HOST = "$(BUILT_PRODUCTS_DIR)/sketchandstitch.app/Contents/MacOS/sketchandstitch";
			};
			name = Release;
		};
		ED5AFFCD21933D9400ED1E52 /* Debug */ = {
			isa = XCBuildConfiguration;
			buildSettings = {
				ALWAYS_EMBED_SWIFT_STANDARD_LIBRARIES = YES;
				CODE_SIGN_STYLE = Automatic;
				COMBINE_HIDPI_IMAGES = YES;
				DEVELOPMENT_TEAM = 5Q7GN99S8F;
				INFOPLIST_FILE = sketchandstitchUITests/Info.plist;
				LD_RUNPATH_SEARCH_PATHS = (
					"$(inherited)",
					"@executable_path/../Frameworks",
					"@loader_path/../Frameworks",
				);
				PRODUCT_BUNDLE_IDENTIFIER = com.timchenko.sketchandstitchUITests;
				PRODUCT_NAME = "$(TARGET_NAME)";
				SWIFT_VERSION = 4.2;
				TEST_TARGET_NAME = sketchandstitch;
			};
			name = Debug;
		};
		ED5AFFCE21933D9400ED1E52 /* Release */ = {
			isa = XCBuildConfiguration;
			buildSettings = {
				ALWAYS_EMBED_SWIFT_STANDARD_LIBRARIES = YES;
				CODE_SIGN_STYLE = Automatic;
				COMBINE_HIDPI_IMAGES = YES;
				DEVELOPMENT_TEAM = 5Q7GN99S8F;
				INFOPLIST_FILE = sketchandstitchUITests/Info.plist;
				LD_RUNPATH_SEARCH_PATHS = (
					"$(inherited)",
					"@executable_path/../Frameworks",
					"@loader_path/../Frameworks",
				);
				PRODUCT_BUNDLE_IDENTIFIER = com.timchenko.sketchandstitchUITests;
				PRODUCT_NAME = "$(TARGET_NAME)";
				SWIFT_VERSION = 4.2;
				TEST_TARGET_NAME = sketchandstitch;
			};
			name = Release;
		};
/* End XCBuildConfiguration section */

/* Begin XCConfigurationList section */
		ED5AFF9B21933D9300ED1E52 /* Build configuration list for PBXProject "sketchandstitch" */ = {
			isa = XCConfigurationList;
			buildConfigurations = (
				ED5AFFC421933D9400ED1E52 /* Debug */,
				ED5AFFC521933D9400ED1E52 /* Release */,
			);
			defaultConfigurationIsVisible = 0;
			defaultConfigurationName = Release;
		};
		ED5AFFC621933D9400ED1E52 /* Build configuration list for PBXNativeTarget "sketchandstitch" */ = {
			isa = XCConfigurationList;
			buildConfigurations = (
				ED5AFFC721933D9400ED1E52 /* Debug */,
				ED5AFFC821933D9400ED1E52 /* Release */,
			);
			defaultConfigurationIsVisible = 0;
			defaultConfigurationName = Release;
		};
		ED5AFFC921933D9400ED1E52 /* Build configuration list for PBXNativeTarget "sketchandstitchTests" */ = {
			isa = XCConfigurationList;
			buildConfigurations = (
				ED5AFFCA21933D9400ED1E52 /* Debug */,
				ED5AFFCB21933D9400ED1E52 /* Release */,
			);
			defaultConfigurationIsVisible = 0;
			defaultConfigurationName = Release;
		};
		ED5AFFCC21933D9400ED1E52 /* Build configuration list for PBXNativeTarget "sketchandstitchUITests" */ = {
			isa = XCConfigurationList;
			buildConfigurations = (
				ED5AFFCD21933D9400ED1E52 /* Debug */,
				ED5AFFCE21933D9400ED1E52 /* Release */,
			);
			defaultConfigurationIsVisible = 0;
			defaultConfigurationName = Release;
		};
/* End XCConfigurationList section */
	};
	rootObject = ED5AFF9821933D9300ED1E52 /* Project object */;
}
